
Microsoft Visual Studio Solution File, Format Version 12.00
# Visual Studio Version 16
VisualStudioVersion = 16.0.30711.63
MinimumVisualStudioVersion = 10.0.40219.1
Project("{FAE04EC0-301F-11D3-BF4B-00C04F79EFBC}") = "CrmBl", "CrmBl\CrmBl.csproj", "{D2C3C8F4-3A5B-441D-840D-60DA784602F5}"
EndProject
Project("{FAE04EC0-301F-11D3-BF4B-00C04F79EFBC}") = "CrmUi", "CrmUi\CrmUi.csproj", "{6BCBDB9B-3461-4735-8030-88A2B4BF2C2C}"
EndProject
Project("{FAE04EC0-301F-11D3-BF4B-00C04F79EFBC}") = "CrmBlTests", "CrmBlTests\CrmBlTests.csproj", "{1AA74228-87B7-4674-BDF2-0CC1399A7594}"
EndProject
Global
	GlobalSection(SolutionConfigurationPlatforms) = preSolution
		Debug|Any CPU = Debug|Any CPU
		Release|Any CPU = Release|Any CPU
	EndGlobalSection
	GlobalSection(ProjectConfigurationPlatforms) = postSolution
		{D2C3C8F4-3A5B-441D-840D-60DA784602F5}.Debug|Any CPU.ActiveCfg = Debug|Any CPU
		{D2C3C8F4-3A5B-441D-840D-60DA784602F5}.Debug|Any CPU.Build.0 = Debug|Any CPU
		{D2C3C8F4-3A5B-441D-840D-60DA784602F5}.Release|Any CPU.ActiveCfg = Release|Any CPU
		{D2C3C8F4-3A5B-441D-840D-60DA784602F5}.Release|Any CPU.Build.0 = Release|Any CPU
		{6BCBDB9B-3461-4735-8030-88A2B4BF2C2C}.Debug|Any CPU.ActiveCfg = Debug|Any CPU
		{6BCBDB9B-3461-4735-8030-88A2B4BF2C2C}.Debug|Any CPU.Build.0 = Debug|Any CPU
		{6BCBDB9B-3461-4735-8030-88A2B4BF2C2C}.Release|Any CPU.ActiveCfg = Release|Any CPU
		{6BCBDB9B-3461-4735-8030-88A2B4BF2C2C}.Release|Any CPU.Build.0 = Release|Any CPU
		{1AA74228-87B7-4674-BDF2-0CC1399A7594}.Debug|Any CPU.ActiveCfg = Debug|Any CPU
		{1AA74228-87B7-4674-BDF2-0CC1399A7594}.Debug|Any CPU.Build.0 = Debug|Any CPU
		{1AA74228-87B7-4674-BDF2-0CC1399A7594}.Release|Any CPU.ActiveCfg = Release|Any CPU
		{1AA74228-87B7-4674-BDF2-0CC1399A7594}.Release|Any CPU.Build.0 = Release|Any CPU
	EndGlobalSection
	GlobalSection(SolutionProperties) = preSolution
		HideSolutionNode = FALSE
	EndGlobalSection
	GlobalSection(ExtensibilityGlobals) = postSolution
		SolutionGuid = {A6756157-461C-45FA-B0D9-AF44153FB05A}
	EndGlobalSection
EndGlobal
